[[package]]
category = "main"
description = "Clean single-source support for Python 3 and 2"
name = "future"
optional = false
python-versions = ">=2.6, !=3.0.*, !=3.1.*, !=3.2.*"
version = "0.18.2"

[[package]]
category = "main"
description = "Ease the thistly problem of accessing data stored in arbitrary, consistent directory structures"
name = "iyore"
optional = false
python-versions = "*"
version = "0.0.2"

[package.dependencies]
future = "*"

[package.source]
reference = "iyore"
url = "https://nationalparkservice.github.io/iyore/packages"

[[package]]
category = "main"
description = "NumPy is the fundamental package for array computing with Python."
name = "numpy"
optional = false
python-versions = ">=2.7,!=3.0.*,!=3.1.*,!=3.2.*,!=3.3.*"
version = "1.16.6"

[[package]]
category = "main"
description = "Powerful data structures for data analysis, time series,and statistics"
name = "pandas"
optional = false
python-versions = "*"
version = "0.18.1"

[package.dependencies]
numpy = ">=1.7.0"
python-dateutil = "*"
pytz = ">=2011k"

[[package]]
category = "main"
description = "Extensions to the standard Python datetime module"
name = "python-dateutil"
optional = false
python-versions = "!=3.0.*,!=3.1.*,!=3.2.*,>=2.7"
version = "2.8.1"

[package.dependencies]
six = ">=1.5"

[[package]]
category = "main"
description = "World timezone definitions, modern and historical"
name = "pytz"
optional = false
python-versions = "*"
version = "2019.3"

[[package]]
category = "main"
description = "Python 2 and 3 compatibility utilities"
name = "six"
optional = false
python-versions = ">=2.7, !=3.0.*, !=3.1.*, !=3.2.*"
version = "1.14.0"

[[package]]
category = "main"
description = "Fast, Extensible Progress Meter"
name = "tqdm"
optional = false
python-versions = ">=2.6, !=3.0.*, !=3.1.*"
version = "4.44.0"

[package.extras]
dev = ["py-make (>=0.1.0)", "twine", "argopt", "pydoc-markdown"]

[metadata]
content-hash = "dd5dbc56bfe1f10e5a4ba600288cb93cce94763f8ae89b57df587c66a9e48a0d"
python-versions = "*"

[metadata.files]
future = [
    {file = "future-0.18.2.tar.gz", hash = "sha256:b1bead90b70cf6ec3f0710ae53a525360fa360d306a86583adc6bf83a4db537d"},
]
iyore = []
numpy = [
    {file = "numpy-1.16.6-cp27-cp27m-macosx_10_9_x86_64.whl", hash = "sha256:08bf4f66f190822f4642e036accde8da810b87fffc0b9409e7a00d9e54760099"},
    {file = "numpy-1.16.6-cp27-cp27m-manylinux1_i686.whl", hash = "sha256:d759ca1b76ac6f6b6159fb74984126035feb1dee9f68b4b961889b6dc090f33a"},
    {file = "numpy-1.16.6-cp27-cp27m-manylinux1_x86_64.whl", hash = "sha256:d3c5377c6122de876e695937ef41ffee5d2831154c5e4856481b93406cdfeecb"},
    {file = "numpy-1.16.6-cp27-cp27m-win32.whl", hash = "sha256:345b1748e6b0d4773a518868c783b16fdc33a22683bdb863484cd29fe8d206e6"},
    {file = "numpy-1.16.6-cp27-cp27m-win_amd64.whl", hash = "sha256:7a5a1f49a643aa1ab3e0579da0a48b8a48ea4369eb63c5065459d0a37f430237"},
    {file = "numpy-1.16.6-cp27-cp27mu-manylinux1_i686.whl", hash = "sha256:817eed5a6ec2fc9c1a0ee3fbf9a441c66b6766383580513ccbdf3121acc0b4fb"},
    {file = "numpy-1.16.6-cp27-cp27mu-manylinux1_x86_64.whl", hash = "sha256:1680c8d5086a88d293dfd1a10b6429a09140cacee878034fa2308472ec835db4"},
    {file = "numpy-1.16.6-cp35-cp35m-macosx_10_9_intel.whl", hash = "sha256:a4383edb1b8caa989c3541a37ef204916322c503b8eeacc7ee8f4ba24cac97b8"},
    {file = "numpy-1.16.6-cp35-cp35m-manylinux1_i686.whl", hash = "sha256:9bb690692f3101583b0b99f3be362742e4f8ebe6c7934fa36cd8ca2b567a0bcc"},
    {file = "numpy-1.16.6-cp35-cp35m-manylinux1_x86_64.whl", hash = "sha256:b9e334568ca1bf56598eddfac6db6a75bcf1c91aa90d598648f21e45207daeae"},
    {file = "numpy-1.16.6-cp35-cp35m-win32.whl", hash = "sha256:55cae40d2024c56e7b79fb070106cb4289dcc6b55c62dba1d89a6944448c6a53"},
    {file = "numpy-1.16.6-cp35-cp35m-win_amd64.whl", hash = "sha256:a1ffc9c770ccc2be9284310a3726c918b26ca19b34c0079e7a41aba950ab175f"},
    {file = "numpy-1.16.6-cp36-cp36m-macosx_10_9_x86_64.whl", hash = "sha256:3f423b06bf67cd1dbf72e13e9b53a9ca71972e5abf712ee6cb5d8cbb178fff02"},
    {file = "numpy-1.16.6-cp36-cp36m-manylinux1_i686.whl", hash = "sha256:34e6bb44e3d9a663f903b8c297ede865b4dff039aa43cc9a0b249e02c27f1396"},
    {file = "numpy-1.16.6-cp36-cp36m-manylinux1_x86_64.whl", hash = "sha256:60c56922c9d759d664078fbef94132377ef1498ab27dd3d0cc7a21b346e68c06"},
    {file = "numpy-1.16.6-cp36-cp36m-win32.whl", hash = "sha256:23cad5e5858dfb73c0e5bce03fe78e5e5908c22263156c58d4afdbb240683c6c"},
    {file = "numpy-1.16.6-cp36-cp36m-win_amd64.whl", hash = "sha256:77399828d96cca386bfba453025c34f22569909d90332b961d3d4341cdb46a84"},
    {file = "numpy-1.16.6-cp37-cp37m-macosx_10_9_x86_64.whl", hash = "sha256:97ddfa7688295d460ee48a4d76337e9fdd2506d9d1d0eee7f0348b42b430da4c"},
    {file = "numpy-1.16.6-cp37-cp37m-manylinux1_i686.whl", hash = "sha256:390f6e14a8d73591f086680464aa101a9be9187d0c633f48c98b429b31b712c2"},
    {file = "numpy-1.16.6-cp37-cp37m-manylinux1_x86_64.whl", hash = "sha256:a1772dc227e3e415eeaa646d25690dc854bddc3d626e454c7c27acba060cb900"},
    {file = "numpy-1.16.6-cp37-cp37m-win32.whl", hash = "sha256:c9fb4fcfcdcaccfe2c4e1f9e0133ed59df5df2aa3655f3d391887e892b0a784c"},
    {file = "numpy-1.16.6-cp37-cp37m-win_amd64.whl", hash = "sha256:6b1853364775edb85ceb0f7f8214d9e993d4d1d9bd3310eae80529ea14ba2ba6"},
    {file = "numpy-1.16.6.zip", hash = "sha256:e5cf3fdf13401885e8eea8170624ec96225e2174eb0c611c6f26dd33b489e3ff"},
]
pandas = [
    {file = "pandas-0.18.1-cp27-cp27m-macosx_10_6_intel.macosx_10_9_intel.macosx_10_9_x86_64.macosx_10_10_intel.macosx_10_10_x86_64.whl", hash = "sha256:2aeebd55027eb1fcb5020ec141696be47fff65fb86c276e46bae42f04b3bfeaf"},
    {file = "pandas-0.18.1-cp27-cp27m-manylinux1_x86_64.whl", hash = "sha256:6f31b4510da92f8beec17fe9ecb3f386984a4b35e1d1dee062b3463f63e70bbc"},
    {file = "pandas-0.18.1-cp27-cp27m-win32.whl", hash = "sha256:42c933501341263194926d00c1039d314039f6fbe763e13d983918d273a0ad68"},
    {file = "pandas-0.18.1-cp27-cp27m-win_amd64.whl", hash = "sha256:aa50475fafbc689dead2e9a4e98b96fc43f1190f6661d1daf560f8c05ac26496"},
    {file = "pandas-0.18.1-cp27-cp27mu-manylinux1_x86_64.whl", hash = "sha256:b7a6ce196452bf9a020074b68c184b174c12a22c285603ceebb09c645cf001d1"},
    {file = "pandas-0.18.1-cp34-cp34m-macosx_10_6_intel.macosx_10_9_intel.macosx_10_9_x86_64.macosx_10_10_intel.macosx_10_10_x86_64.whl", hash = "sha256:9984b284ab6d7672c720ea960f4d19b9dd0bea061c2ccd641b0c20d34ce03f7a"},
    {file = "pandas-0.18.1-cp34-cp34m-manylinux1_i686.whl", hash = "sha256:a0af231d6bf20d3f94a4d694bb3cd26c1b330aa4ed124ea99eff49a583ed10ff"},
    {file = "pandas-0.18.1-cp34-cp34m-manylinux1_x86_64.whl", hash = "sha256:9b1a7834e10c5a2afacaae8ba10054dc2ee5ae81eeaecf44d9eaa4d726962817"},
    {file = "pandas-0.18.1-cp34-cp34m-win32.whl", hash = "sha256:6621db235422aa48d7513a7f332a7bfc6e9a54b0283bac145cccec7c4c0ccd7d"},
    {file = "pandas-0.18.1-cp34-cp34m-win_amd64.whl", hash = "sha256:c39dbc38bc031f099bcfa408a93c801f0141ee49a7d4e0df09cdf9dcf01f27e6"},
    {file = "pandas-0.18.1-cp35-cp35m-macosx_10_6_intel.macosx_10_9_intel.macosx_10_9_x86_64.macosx_10_10_intel.macosx_10_10_x86_64.whl", hash = "sha256:fccbc771a23d51b366182c136cd735cf1642744270fee964f5b1fe9103d66239"},
    {file = "pandas-0.18.1-cp35-cp35m-manylinux1_i686.whl", hash = "sha256:80bf0d32432fe588a0e94ff6b216aa5c61ddba2348ca904bda240218f9cbe122"},
    {file = "pandas-0.18.1-cp35-cp35m-manylinux1_x86_64.whl", hash = "sha256:931d25b391eb01c52239a41e2b1c29c8337a6789852ecc0d4ce39ce2491424e6"},
    {file = "pandas-0.18.1-cp35-cp35m-win32.whl", hash = "sha256:563720b6302a4e2b513471c16bd7e89db2ae44d3f6b0745896b9c289f3c6b2fb"},
    {file = "pandas-0.18.1-cp35-cp35m-win_amd64.whl", hash = "sha256:c850d8c41b5417ba361967d3e2b6119c681b9f0bd5eb77f4c013c46dbf0ebe95"},
    {file = "pandas-0.18.1.tar.gz", hash = "sha256:d2e483692c7915916dffd1b83256ea9761b4224c8d45646ceddf48b977ee77b2"},
    {file = "pandas-0.18.1.zip", hash = "sha256:de8661d3a71bac8b5100c2a85fdb1b55c9b41534aba7a9671d1130d43ab2de59"},
]
python-dateutil = [
    {file = "python-dateutil-2.8.1.tar.gz", hash = "sha256:73ebfe9dbf22e832286dafa60473e4cd239f8592f699aa5adaf10050e6e1823c"},
    {file = "python_dateutil-2.8.1-py2.py3-none-any.whl", hash = "sha256:75bb3f31ea686f1197762692a9ee6a7550b59fc6ca3a1f4b5d7e32fb98e2da2a"},
]
pytz = [
    {file = "pytz-2019.3-py2.py3-none-any.whl", hash = "sha256:1c557d7d0e871de1f5ccd5833f60fb2550652da6be2693c1e02300743d21500d"},
    {file = "pytz-2019.3.tar.gz", hash = "sha256:b02c06db6cf09c12dd25137e563b31700d3b80fcc4ad23abb7a315f2789819be"},
]
six = [
    {file = "six-1.14.0-py2.py3-none-any.whl", hash = "sha256:8f3cd2e254d8f793e7f3d6d9df77b92252b52637291d0f0da013c76ea2724b6c"},
    {file = "six-1.14.0.tar.gz", hash = "sha256:236bdbdce46e6e6a3d61a337c0f8b763ca1e8717c03b369e87a7ec7ce1319c0a"},
]
tqdm = [
    {file = "tqdm-4.44.0-py2.py3-none-any.whl", hash = "sha256:f0fc945df434e5e612fb7eb93bf29e924940913590450c3760f198dd75a2cd19"},
    {file = "tqdm-4.44.0.tar.gz", hash = "sha256:4f882b23c492e7060f50d83af86f163b67e4cfbe35dfe12077e748c56282f438"},
]
